lockfileVersion: '9.0'

settings:
  autoInstallPeers: true
  excludeLinksFromLockfile: false

importers:

  .:
    dependencies:
      '@atcute/cbor':
        specifier: 2.3.2
        version: 2.3.2
      '@atcute/cid':
        specifier: 2.4.1
        version: 2.4.1
      '@hypercerts-org/lexicon':
        specifier: 1.4.0
        version: 1.4.0(@atproto/xrpc@0.8.13)

packages:

  '@atcute/cbor@2.3.2':
    resolution: {integrity: sha512-xP2SORSau/VVI00x2V4BjwIkHr6EQ7l/MXEOPaa4LGYtePFc4gnD4L1yN10dT5NEuUnvGEuCh6arLB7gz1smVQ==}

  '@atcute/cid@2.4.1':
    resolution: {integrity: sha512-bwhna69RCv7yetXudtj+2qrMPYvhhIQqvJz6YUpUS98v7OdF3X2dnye9Nig2NDrklZcuyOsu7sQo7GOykJXRLQ==}

  '@atcute/multibase@1.2.5':
    resolution: {integrity: sha512-cReTONgYpQo/VHD3ZmzPNoyBKJgSk1J4h//cvvdVVJBMar+SjlQ/sUXeTjQfuyfmDKv+TLKhmutLcvbMcQ9Rvw==}

  '@atcute/uint8array@1.2.0':
    resolution: {integrity: sha512-KoBGTbV4lS8zXNu91osM3FecrH3NUnxNPsBAkaNtn6uf/p240245qoLn7keFpRM0npX522X8R+XBBb2rvtE7Rg==}

  '@atproto/common-web@0.4.21':
    resolution: {integrity: sha512-Odq+wdk3YNasGCjjlpl3bCIPvqYHige5DLfMkIffNv/2PI/iIj5ZvAvMvJlJ59OhReKSxtpI0invx5UQPc3+fw==}

  '@atproto/common-web@0.5.12':
    resolution: {integrity: sha512-FumNnUOUsk68gP+jU0sXY2wY2piqFV9/qU2YaoQq/IZknhJBlLYCzjQXXCN0FCzxAZWD0YUzgydeyuRvFoAxfA==}
    engines: {node: '>=22'}

  '@atproto/lex-data@0.0.15':
    resolution: {integrity: sha512-ZsbGiaM5S3CnGrcTMbDGON3bLZzCi/Mx9UvcMREKSRujnF68eHgMiXxJqvykP7+QpOX6tYCK93axZkuJVhtSEw==}

  '@atproto/lex-data@0.1.7':
    resolution: {integrity: sha512-kW/dPLqo/WgCLV+XESR4JKwV6c1rZWJGOfuPupZGTjEDAKoBbKXdaEzX9/1vKQYbZ9U3j0DS/n7OFFK7wBugyQ==}
    engines: {node: '>=22'}

  '@atproto/lex-json@0.0.16':
    resolution: {integrity: sha512-IgLgQ0krshVlrIYZ+heTBDbCnM3LmAgWvsaYn5MxvKA3LcBot3PG3ptdO8VOweVZ+WgCLuo39cz9EbUmIbqdtg==}

  '@atproto/lex-json@0.1.6':
    resolution: {integrity: sha512-mvrAd0lbyuecIHjyld8QN6MN6CBf4j0GCxLzegsvLh0SvDf+GbYWklkcQqmITL44yFQOwmA/QNIQj0Uvh7+R/g==}
    engines: {node: '>=22'}

  '@atproto/lexicon@0.6.2':
    resolution: {integrity: sha512-p3Ly6hinVZW0ETuAXZMeUGwuMm3g8HvQMQ41yyEE6AL0hAkfeKFaZKos6BdBrr6CjkpbrDZqE8M+5+QOceysMw==}

  '@atproto/lexicon@0.7.14':
    resolution: {integrity: sha512-hDG2+61JTrvxDFtoojDFxKmZkFVl/lR/jFi82gSN0zNDjr+dlpUGKlG9MoPBkUKK83+Pi+I2jZ55xXboJq6JTA==}
    engines: {node: '>=22'}

  '@atproto/syntax@0.5.4':
    resolution: {integrity: sha512-9XJOpMAgsGFxMEIp8nJ8AIWv+krrY1xQMj+wULbbXhQztQV+9aZ0TbG9Jtn3Op2or8Kr6OqyWR4ga9Z189kKDw==}

  '@atproto/syntax@0.7.6':
    resolution: {integrity: sha512-luKQTcWw1H1jLmYvX34ldBqNjz2orF082njmcF9fxbWTqVhsO+TpY0FHRKVPoV7dwL0Y3L16DNz1ma0LFGH25g==}
    engines: {node: '>=22'}

  '@atproto/xrpc@0.8.13':
    resolution: {integrity: sha512-htpi93/Zqyk5WsT+RrWemxMcJFJx2M4VT8i8avuWJTyr7AZ42qvPsIdVsaPdOOS3rZwodq/SdZXJFgspJ4yc5g==}
    engines: {node: '>=22'}

  '@hypercerts-org/lexicon@1.4.0':
    resolution: {integrity: sha512-M1yG6+EI1yOpCZU6CO2plZcMS9fcXq8i/h/gXM/sj9txLH4Roo6de5Rs7L7Zhn/8iYoIp+akuGoolZ0e3EuUcg==}
    peerDependencies:
      '@atproto/xrpc': '*'

  iso-datestring-validator@2.2.2:
    resolution: {integrity: sha512-yLEMkBbLZTlVQqOnQ4FiMujR6T4DEcCb1xizmvXS+OxuhwcbtynoosRzdMA69zZCShCNAbi+gJ71FxZBBXx1SA==}

  multiformats@13.4.2:
    resolution: {integrity: sha512-eh6eHCrRi1+POZ3dA+Dq1C6jhP1GNtr9CRINMb67OKzqW9I5DUuZM/3jLPlzhgpGeiNUlEGEbkCYChXMCc/8DQ==}

  multiformats@9.9.0:
    resolution: {integrity: sha512-HoMUjhH9T8DDBNT+6xzkrd9ga/XiBI4xLr58LJACwK6G3HTOPeMz4nB4KJs33L2BelrIJa7P0VuNaVF3hMYfjg==}

  tslib@2.8.1:
    resolution: {integrity: sha512-oJFu94HQb+KVduSUQL7wnpmqnfmLsOA/nAh6b6EH0wCEoK0/mPeXU6c3wKDV83MkOuHPRHtSXKKU99IBazS/2w==}

  uint8arrays@3.0.0:
    resolution: {integrity: sha512-HRCx0q6O9Bfbp+HHSfQQKD7wU70+lydKVt4EghkdOvlK/NlrF90z+eXV34mUd48rNvVJXwkrMSPpCATkct8fJA==}

  unicode-segmenter@0.14.5:
    resolution: {integrity: sha512-jHGmj2LUuqDcX3hqY12Ql+uhUTn8huuxNZGq7GvtF6bSybzH3aFgedYu/KTzQStEgt1Ra2F3HxadNXsNjb3m3g==}

  zod@3.25.76:
    resolution: {integrity: sha512-gzUt/qt81nXsFGKIFcC3YnfEAx5NkunCfnDlvuBSSFS02bcXu4Lmea0AFIUwbLWxWPx3d9p8S5QoaujKcNQxcQ==}

snapshots:

  '@atcute/cbor@2.3.2':
    dependencies:
      '@atcute/cid': 2.4.1
      '@atcute/multibase': 1.2.5
      '@atcute/uint8array': 1.2.0

  '@atcute/cid@2.4.1':
    dependencies:
      '@atcute/multibase': 1.2.5
      '@atcute/uint8array': 1.2.0

  '@atcute/multibase@1.2.5':
    dependencies:
      '@atcute/uint8array': 1.2.0

  '@atcute/uint8array@1.2.0': {}

  '@atproto/common-web@0.4.21':
    dependencies:
      '@atproto/lex-data': 0.0.15
      '@atproto/lex-json': 0.0.16
      '@atproto/syntax': 0.5.4
      zod: 3.25.76

  '@atproto/common-web@0.5.12':
    dependencies:
      '@atproto/lex-data': 0.1.7
      '@atproto/lex-json': 0.1.6
      '@atproto/syntax': 0.7.6
      zod: 3.25.76

  '@atproto/lex-data@0.0.15':
    dependencies:
      multiformats: 9.9.0
      tslib: 2.8.1
      uint8arrays: 3.0.0
      unicode-segmenter: 0.14.5

  '@atproto/lex-data@0.1.7':
    dependencies:
      multiformats: 13.4.2
      tslib: 2.8.1
      unicode-segmenter: 0.14.5

  '@atproto/lex-json@0.0.16':
    dependencies:
      '@atproto/lex-data': 0.0.15
      tslib: 2.8.1

  '@atproto/lex-json@0.1.6':
    dependencies:
      '@atproto/lex-data': 0.1.7
      tslib: 2.8.1

  '@atproto/lexicon@0.6.2':
    dependencies:
      '@atproto/common-web': 0.4.21
      '@atproto/syntax': 0.5.4
      iso-datestring-validator: 2.2.2
      multiformats: 9.9.0
      zod: 3.25.76

  '@atproto/lexicon@0.7.14':
    dependencies:
      '@atproto/common-web': 0.5.12
      '@atproto/syntax': 0.7.6
      multiformats: 13.4.2
      zod: 3.25.76

  '@atproto/syntax@0.5.4':
    dependencies:
      tslib: 2.8.1

  '@atproto/syntax@0.7.6':
    dependencies:
      iso-datestring-validator: 2.2.2
      tslib: 2.8.1

  '@atproto/xrpc@0.8.13':
    dependencies:
      '@atproto/lexicon': 0.7.14
      zod: 3.25.76

  '@hypercerts-org/lexicon@1.4.0(@atproto/xrpc@0.8.13)':
    dependencies:
      '@atproto/lexicon': 0.6.2
      '@atproto/xrpc': 0.8.13
      multiformats: 13.4.2

  iso-datestring-validator@2.2.2: {}

  multiformats@13.4.2: {}

  multiformats@9.9.0: {}

  tslib@2.8.1: {}

  uint8arrays@3.0.0:
    dependencies:
      multiformats: 9.9.0

  unicode-segmenter@0.14.5: {}

  zod@3.25.76: {}
